
Microsoft Visual Studio Solution File, Format Version 12.00
# Visual Studio Version 17
VisualStudioVersion = 17.4.33205.214
MinimumVisualStudioVersion = 10.0.40219.1
Project("{9A19103F-16F7-4668-BE54-9A1E7A4F7556}") = "modelEntity", "modelEntity\modelEntity.csproj", "{456AC985-80BB-4E11-A32D-283CB904B189}"
EndProject
Project("{9A19103F-16F7-4668-BE54-9A1E7A4F7556}") = "modelDao", "modelDao\modelDao.csproj", "{BD9A6C84-6A3E-489A-A1B3-59FEDC58E422}"
EndProject
Project("{9A19103F-16F7-4668-BE54-9A1E7A4F7556}") = "modelNeg", "modelNeg\modelNeg.csproj", "{45032182-0FF8-43A9-A18E-0233AD144804}"
EndProject
Project("{FAE04EC0-301F-11D3-BF4B-00C04F79EFBC}") = "WebMVC6", "WebMVC6\WebMVC6.csproj", "{3237D244-8E1D-476F-AABD-444FF53C1F66}"
EndProject
Global
	GlobalSection(SolutionConfigurationPlatforms) = preSolution
		Debug|Any CPU = Debug|Any CPU
		Release|Any CPU = Release|Any CPU
	EndGlobalSection
	GlobalSection(ProjectConfigurationPlatforms) = postSolution
		{456AC985-80BB-4E11-A32D-283CB904B189}.Debug|Any CPU.ActiveCfg = Debug|Any CPU
		{456AC985-80BB-4E11-A32D-283CB904B189}.Debug|Any CPU.Build.0 = Debug|Any CPU
		{456AC985-80BB-4E11-A32D-283CB904B189}.Release|Any CPU.ActiveCfg = Release|Any CPU
		{456AC985-80BB-4E11-A32D-283CB904B189}.Release|Any CPU.Build.0 = Release|Any CPU
		{BD9A6C84-6A3E-489A-A1B3-59FEDC58E422}.Debug|Any CPU.ActiveCfg = Debug|Any CPU
		{BD9A6C84-6A3E-489A-A1B3-59FEDC58E422}.Debug|Any CPU.Build.0 = Debug|Any CPU
		{BD9A6C84-6A3E-489A-A1B3-59FEDC58E422}.Release|Any CPU.ActiveCfg = Release|Any CPU
		{BD9A6C84-6A3E-489A-A1B3-59FEDC58E422}.Release|Any CPU.Build.0 = Release|Any CPU
		{45032182-0FF8-43A9-A18E-0233AD144804}.Debug|Any CPU.ActiveCfg = Debug|Any CPU
		{45032182-0FF8-43A9-A18E-0233AD144804}.Debug|Any CPU.Build.0 = Debug|Any CPU
		{45032182-0FF8-43A9-A18E-0233AD144804}.Release|Any CPU.ActiveCfg = Release|Any CPU
		{45032182-0FF8-43A9-A18E-0233AD144804}.Release|Any CPU.Build.0 = Release|Any CPU
		{3237D244-8E1D-476F-AABD-444FF53C1F66}.Debug|Any CPU.ActiveCfg = Debug|Any CPU
		{3237D244-8E1D-476F-AABD-444FF53C1F66}.Debug|Any CPU.Build.0 = Debug|Any CPU
		{3237D244-8E1D-476F-AABD-444FF53C1F66}.Release|Any CPU.ActiveCfg = Release|Any CPU
		{3237D244-8E1D-476F-AABD-444FF53C1F66}.Release|Any CPU.Build.0 = Release|Any CPU
	EndGlobalSection
	GlobalSection(SolutionProperties) = preSolution
		HideSolutionNode = FALSE
	EndGlobalSection
	GlobalSection(ExtensibilityGlobals) = postSolution
		SolutionGuid = {BD8DA3DA-1574-4DF1-B3AA-F274832DD5CE}
	EndGlobalSection
EndGlobal
