
Microsoft Visual Studio Solution File, Format Version 12.00
# Visual Studio Version 17
VisualStudioVersion = 17.4.33205.214
MinimumVisualStudioVersion = 10.0.40219.1
Project("{FAE04EC0-301F-11D3-BF4B-00C04F79EFBC}") = "Capa_Datos", "Capa_Datos\Capa_Datos.csproj", "{F6F90500-8208-430E-A17E-0369A2017F51}"
EndProject
Project("{FAE04EC0-301F-11D3-BF4B-00C04F79EFBC}") = "Capa_LogicaNegocio", "Capa_LogicaNegocio\Capa_LogicaNegocio.csproj", "{18E2A9A1-AB0F-44C4-A37A-17435DA90794}"
EndProject
Project("{FAE04EC0-301F-11D3-BF4B-00C04F79EFBC}") = "Capa_Presentacion", "Capa_Presentacion\Capa_Presentacion.csproj", "{BA6F3643-A797-4B13-98FF-06C5365C2947}"
EndProject
Global
	GlobalSection(SolutionConfigurationPlatforms) = preSolution
		Debug|Any CPU = Debug|Any CPU
		Release|Any CPU = Release|Any CPU
	EndGlobalSection
	GlobalSection(ProjectConfigurationPlatforms) = postSolution
		{F6F90500-8208-430E-A17E-0369A2017F51}.Debug|Any CPU.ActiveCfg = Debug|Any CPU
		{F6F90500-8208-430E-A17E-0369A2017F51}.Debug|Any CPU.Build.0 = Debug|Any CPU
		{F6F90500-8208-430E-A17E-0369A2017F51}.Release|Any CPU.ActiveCfg = Release|Any CPU
		{F6F90500-8208-430E-A17E-0369A2017F51}.Release|Any CPU.Build.0 = Release|Any CPU
		{18E2A9A1-AB0F-44C4-A37A-17435DA90794}.Debug|Any CPU.ActiveCfg = Debug|Any CPU
		{18E2A9A1-AB0F-44C4-A37A-17435DA90794}.Debug|Any CPU.Build.0 = Debug|Any CPU
		{18E2A9A1-AB0F-44C4-A37A-17435DA90794}.Release|Any CPU.ActiveCfg = Release|Any CPU
		{18E2A9A1-AB0F-44C4-A37A-17435DA90794}.Release|Any CPU.Build.0 = Release|Any CPU
		{BA6F3643-A797-4B13-98FF-06C5365C2947}.Debug|Any CPU.ActiveCfg = Debug|Any CPU
		{BA6F3643-A797-4B13-98FF-06C5365C2947}.Debug|Any CPU.Build.0 = Debug|Any CPU
		{BA6F3643-A797-4B13-98FF-06C5365C2947}.Release|Any CPU.ActiveCfg = Release|Any CPU
		{BA6F3643-A797-4B13-98FF-06C5365C2947}.Release|Any CPU.Build.0 = Release|Any CPU
	EndGlobalSection
	GlobalSection(SolutionProperties) = preSolution
		HideSolutionNode = FALSE
	EndGlobalSection
	GlobalSection(ExtensibilityGlobals) = postSolution
		SolutionGuid = {B02EF6A1-44D9-4CD7-A177-85F486568C08}
	EndGlobalSection
EndGlobal
